
Microsoft Visual Studio Solution File, Format Version 12.00
# Visual Studio Version 17
VisualStudioVersion = 17.1.32210.238
MinimumVisualStudioVersion = 10.0.40219.1
Project("{9A19103F-16F7-4668-BE54-9A1E7A4F7556}") = "Backend", "SignalR.Learn\Backend.csproj", "{CEBBA84E-E88E-402D-B94A-A66A88E5118E}"
EndProject
Global
	GlobalSection(SolutionConfigurationPlatforms) = preSolution
		Debug|Any CPU = Debug|Any CPU
		Release|Any CPU = Release|Any CPU
	EndGlobalSection
	GlobalSection(ProjectConfigurationPlatforms) = postSolution
		{CEBBA84E-E88E-402D-B94A-A66A88E5118E}.Debug|Any CPU.ActiveCfg = Debug|Any CPU
		{CEBBA84E-E88E-402D-B94A-A66A88E5118E}.Debug|Any CPU.Build.0 = Debug|Any CPU
		{CEBBA84E-E88E-402D-B94A-A66A88E5118E}.Release|Any CPU.ActiveCfg = Release|Any CPU
		{CEBBA84E-E88E-402D-B94A-A66A88E5118E}.Release|Any CPU.Build.0 = Release|Any CPU
	EndGlobalSection
	GlobalSection(SolutionProperties) = preSolution
		HideSolutionNode = FALSE
	EndGlobalSection
	GlobalSection(ExtensibilityGlobals) = postSolution
		SolutionGuid = {3C27667B-0048-4FFA-8B74-CAC5A5DE8AE1}
	EndGlobalSection
EndGlobal
